
Microsoft Visual Studio Solution File, Format Version 12.00
# Visual Studio Version 16
VisualStudioVersion = 16.0.31515.178
MinimumVisualStudioVersion = 10.0.40219.1
Project("{FAE04EC0-301F-11D3-BF4B-00C04F79EFBC}") = "laba1_oop", "laba1_oop\laba1_oop.csproj", "{8FA1FEC0-7B28-495B-8C25-D30166CAA3BB}"
EndProject
Project("{FAE04EC0-301F-11D3-BF4B-00C04F79EFBC}") = "ex2", "ex2\ex2.csproj", "{97DE251E-5255-4EED-B245-75D5154C1E56}"
EndProject
Global
	GlobalSection(SolutionConfigurationPlatforms) = preSolution
		Debug|Any CPU = Debug|Any CPU
		Release|Any CPU = Release|Any CPU
	EndGlobalSection
	GlobalSection(ProjectConfigurationPlatforms) = postSolution
		{8FA1FEC0-7B28-495B-8C25-D30166CAA3BB}.Debug|Any CPU.ActiveCfg = Debug|Any CPU
		{8FA1FEC0-7B28-495B-8C25-D30166CAA3BB}.Debug|Any CPU.Build.0 = Debug|Any CPU
		{8FA1FEC0-7B28-495B-8C25-D30166CAA3BB}.Release|Any CPU.ActiveCfg = Release|Any CPU
		{8FA1FEC0-7B28-495B-8C25-D30166CAA3BB}.Release|Any CPU.Build.0 = Release|Any CPU
		{97DE251E-5255-4EED-B245-75D5154C1E56}.Debug|Any CPU.ActiveCfg = Debug|Any CPU
		{97DE251E-5255-4EED-B245-75D5154C1E56}.Debug|Any CPU.Build.0 = Debug|Any CPU
		{97DE251E-5255-4EED-B245-75D5154C1E56}.Release|Any CPU.ActiveCfg = Release|Any CPU
		{97DE251E-5255-4EED-B245-75D5154C1E56}.Release|Any CPU.Build.0 = Release|Any CPU
	EndGlobalSection
	GlobalSection(SolutionProperties) = preSolution
		HideSolutionNode = FALSE
	EndGlobalSection
	GlobalSection(ExtensibilityGlobals) = postSolution
		SolutionGuid = {6F4836E1-8308-429D-8D39-E44C8ADCE879}
	EndGlobalSection
EndGlobal
